
Microsoft Visual Studio Solution File, Format Version 12.00
# Visual Studio 15
VisualStudioVersion = 15.0.27004.2005
MinimumVisualStudioVersion = 10.0.40219.1
Project("{9A19103F-16F7-4668-BE54-9A1E7A4F7556}") = "Kitchen.Api", "Kitchen.Api\Kitchen.Api.csproj", "{AFF77DD1-8F5C-4073-A3B1-F4008FCAD70F}"
EndProject
Project("{FAE04EC0-301F-11D3-BF4B-00C04F79EFBC}") = "Kitchen.CommonModel", "Kitchen.CommonModel\Kitchen.CommonModel.csproj", "{3DBF8EAD-B356-4C3D-A194-B49C539FEE31}"
EndProject
Project("{FAE04EC0-301F-11D3-BF4B-00C04F79EFBC}") = "Kitchen.CoreService", "Kitchen.CoreService\Kitchen.CoreService.csproj", "{C3252384-4F7C-4806-AAA9-6E8F8E3D7DCF}"
EndProject
Project("{FAE04EC0-301F-11D3-BF4B-00C04F79EFBC}") = "Kitchen.Repository", "Kitchen.Repository\Kitchen.Repository.csproj", "{A161459B-1B77-453C-A442-1E7628C6EEC9}"
EndProject
Project("{FAE04EC0-301F-11D3-BF4B-00C04F79EFBC}") = "Kitchen.Data", "Kitchen.Data\Kitchen.Data.csproj", "{27CE8530-413C-4741-8823-1501B6F45925}"
EndProject
Project("{FAE04EC0-301F-11D3-BF4B-00C04F79EFBC}") = "Kitchen.DesignControlAspect", "Kitchen.DesignControlAspect\Kitchen.DesignControlAspect.csproj", "{4DDCDA36-60D5-4F1F-A731-D28C6E44F0ED}"
EndProject
Global
	GlobalSection(SolutionConfigurationPlatforms) = preSolution
		Debug|Any CPU = Debug|Any CPU
		Release|Any CPU = Release|Any CPU
	EndGlobalSection
	GlobalSection(ProjectConfigurationPlatforms) = postSolution
		{AFF77DD1-8F5C-4073-A3B1-F4008FCAD70F}.Debug|Any CPU.ActiveCfg = Debug|Any CPU
		{AFF77DD1-8F5C-4073-A3B1-F4008FCAD70F}.Debug|Any CPU.Build.0 = Debug|Any CPU
		{AFF77DD1-8F5C-4073-A3B1-F4008FCAD70F}.Release|Any CPU.ActiveCfg = Release|Any CPU
		{AFF77DD1-8F5C-4073-A3B1-F4008FCAD70F}.Release|Any CPU.Build.0 = Release|Any CPU
		{3DBF8EAD-B356-4C3D-A194-B49C539FEE31}.Debug|Any CPU.ActiveCfg = Debug|Any CPU
		{3DBF8EAD-B356-4C3D-A194-B49C539FEE31}.Debug|Any CPU.Build.0 = Debug|Any CPU
		{3DBF8EAD-B356-4C3D-A194-B49C539FEE31}.Release|Any CPU.ActiveCfg = Release|Any CPU
		{3DBF8EAD-B356-4C3D-A194-B49C539FEE31}.Release|Any CPU.Build.0 = Release|Any CPU
		{C3252384-4F7C-4806-AAA9-6E8F8E3D7DCF}.Debug|Any CPU.ActiveCfg = Debug|Any CPU
		{C3252384-4F7C-4806-AAA9-6E8F8E3D7DCF}.Debug|Any CPU.Build.0 = Debug|Any CPU
		{C3252384-4F7C-4806-AAA9-6E8F8E3D7DCF}.Release|Any CPU.ActiveCfg = Release|Any CPU
		{C3252384-4F7C-4806-AAA9-6E8F8E3D7DCF}.Release|Any CPU.Build.0 = Release|Any CPU
		{A161459B-1B77-453C-A442-1E7628C6EEC9}.Debug|Any CPU.ActiveCfg = Debug|Any CPU
		{A161459B-1B77-453C-A442-1E7628C6EEC9}.Debug|Any CPU.Build.0 = Debug|Any CPU
		{A161459B-1B77-453C-A442-1E7628C6EEC9}.Release|Any CPU.ActiveCfg = Release|Any CPU
		{A161459B-1B77-453C-A442-1E7628C6EEC9}.Release|Any CPU.Build.0 = Release|Any CPU
		{27CE8530-413C-4741-8823-1501B6F45925}.Debug|Any CPU.ActiveCfg = Debug|Any CPU
		{27CE8530-413C-4741-8823-1501B6F45925}.Debug|Any CPU.Build.0 = Debug|Any CPU
		{27CE8530-413C-4741-8823-1501B6F45925}.Release|Any CPU.ActiveCfg = Release|Any CPU
		{27CE8530-413C-4741-8823-1501B6F45925}.Release|Any CPU.Build.0 = Release|Any CPU
		{4DDCDA36-60D5-4F1F-A731-D28C6E44F0ED}.Debug|Any CPU.ActiveCfg = Debug|Any CPU
		{4DDCDA36-60D5-4F1F-A731-D28C6E44F0ED}.Debug|Any CPU.Build.0 = Debug|Any CPU
		{4DDCDA36-60D5-4F1F-A731-D28C6E44F0ED}.Release|Any CPU.ActiveCfg = Release|Any CPU
		{4DDCDA36-60D5-4F1F-A731-D28C6E44F0ED}.Release|Any CPU.Build.0 = Release|Any CPU
	EndGlobalSection
	GlobalSection(SolutionProperties) = preSolution
		HideSolutionNode = FALSE
	EndGlobalSection
	GlobalSection(ExtensibilityGlobals) = postSolution
		SolutionGuid = {70285ED9-AF32-4AB7-879B-37B32750A6EE}
	EndGlobalSection
EndGlobal
